# THIS IS AN AUTOGENERATED FILE. DO NOT EDIT THIS FILE DIRECTLY.
# yarn lockfile v1


which-pm-runs@^1.1.0:
  version "1.1.0"
  resolved "https://registry.yarnpkg.com/which-pm-runs/-/which-pm-runs-1.1.0.tgz#35ccf7b1a0fce87bd8b92a478c9d045785d3bf35"
  integrity sha512-n1brCuqClxfFfq/Rb0ICg9giSZqCS+pLtccdag6C2HyufBrh3fBOiy9nb6ggRMvWOVH5GrdJskj5iGTZNxd7SA==
